
Microsoft Visual Studio Solution File, Format Version 12.00
# Visual Studio 15
VisualStudioVersion = 15.0.28010.2036
MinimumVisualStudioVersion = 10.0.40219.1
Project("{8BC9CEB8-8B4A-11D0-8D11-00A0C91BC942}") = "уравнения", "уравнения\уравнения.vcxproj", "{8EED446F-18E8-4985-913C-DE90FC35CE2B}"
EndProject
Global
	GlobalSection(SolutionConfigurationPlatforms) = preSolution
		Debug|x64 = Debug|x64
		Debug|x86 = Debug|x86
		Release|x64 = Release|x64
		Release|x86 = Release|x86
	EndGlobalSection
	GlobalSection(ProjectConfigurationPlatforms) = postSolution
		{8EED446F-18E8-4985-913C-DE90FC35CE2B}.Debug|x64.ActiveCfg = Debug|x64
		{8EED446F-18E8-4985-913C-DE90FC35CE2B}.Debug|x64.Build.0 = Debug|x64
		{8EED446F-18E8-4985-913C-DE90FC35CE2B}.Debug|x86.ActiveCfg = Debug|Win32
		{8EED446F-18E8-4985-913C-DE90FC35CE2B}.Debug|x86.Build.0 = Debug|Win32
		{8EED446F-18E8-4985-913C-DE90FC35CE2B}.Release|x64.ActiveCfg = Release|x64
		{8EED446F-18E8-4985-913C-DE90FC35CE2B}.Release|x64.Build.0 = Release|x64
		{8EED446F-18E8-4985-913C-DE90FC35CE2B}.Release|x86.ActiveCfg = Release|Win32
		{8EED446F-18E8-4985-913C-DE90FC35CE2B}.Release|x86.Build.0 = Release|Win32
	EndGlobalSection
	GlobalSection(SolutionProperties) = preSolution
		HideSolutionNode = FALSE
	EndGlobalSection
	GlobalSection(ExtensibilityGlobals) = postSolution
		SolutionGuid = {F0CEC304-93D8-4A2F-BDA0-556252D95C31}
	EndGlobalSection
EndGlobal
