
Microsoft Visual Studio Solution File, Format Version 12.00
# Visual Studio 15
VisualStudioVersion = 15.0.28010.2036
MinimumVisualStudioVersion = 10.0.40219.1
Project("{8BC9CEB8-8B4A-11D0-8D11-00A0C91BC942}") = "строки", "строки\строки.vcxproj", "{CBDF5124-C8B7-45B1-BE0C-EC481C9D80DC}"
EndProject
Global
	GlobalSection(SolutionConfigurationPlatforms) = preSolution
		Debug|x64 = Debug|x64
		Debug|x86 = Debug|x86
		Release|x64 = Release|x64
		Release|x86 = Release|x86
	EndGlobalSection
	GlobalSection(ProjectConfigurationPlatforms) = postSolution
		{CBDF5124-C8B7-45B1-BE0C-EC481C9D80DC}.Debug|x64.ActiveCfg = Debug|x64
		{CBDF5124-C8B7-45B1-BE0C-EC481C9D80DC}.Debug|x64.Build.0 = Debug|x64
		{CBDF5124-C8B7-45B1-BE0C-EC481C9D80DC}.Debug|x86.ActiveCfg = Debug|Win32
		{CBDF5124-C8B7-45B1-BE0C-EC481C9D80DC}.Debug|x86.Build.0 = Debug|Win32
		{CBDF5124-C8B7-45B1-BE0C-EC481C9D80DC}.Release|x64.ActiveCfg = Release|x64
		{CBDF5124-C8B7-45B1-BE0C-EC481C9D80DC}.Release|x64.Build.0 = Release|x64
		{CBDF5124-C8B7-45B1-BE0C-EC481C9D80DC}.Release|x86.ActiveCfg = Release|Win32
		{CBDF5124-C8B7-45B1-BE0C-EC481C9D80DC}.Release|x86.Build.0 = Release|Win32
	EndGlobalSection
	GlobalSection(SolutionProperties) = preSolution
		HideSolutionNode = FALSE
	EndGlobalSection
	GlobalSection(ExtensibilityGlobals) = postSolution
		SolutionGuid = {DB3902C0-44ED-4121-87F0-E08D8A122754}
	EndGlobalSection
EndGlobal
